
Microsoft Visual Studio Solution File, Format Version 12.00
# Visual Studio Version 17
VisualStudioVersion = 17.0.31903.59
MinimumVisualStudioVersion = 10.0.40219.1
Project("{FAE04EC0-301F-11D3-BF4B-00C04F79EFBC}") = "Spectacular.Cli", "Spectacular.Cli\Spectacular.Cli.csproj", "{78365B8E-1E9D-42B0-AF6B-3DA30D6B6148}"
EndProject
Project("{FAE04EC0-301F-11D3-BF4B-00C04F79EFBC}") = "Spectacular.Cli.Tests", "Spectacular.Cli.Tests\Spectacular.Cli.Tests.csproj", "{33343B9F-9E02-4AA0-B372-4FF1ECC9E1F8}"
EndProject
Global
	GlobalSection(SolutionConfigurationPlatforms) = preSolution
		Debug|Any CPU = Debug|Any CPU
		Debug|x64 = Debug|x64
		Debug|x86 = Debug|x86
		Release|Any CPU = Release|Any CPU
		Release|x64 = Release|x64
		Release|x86 = Release|x86
	EndGlobalSection
	GlobalSection(ProjectConfigurationPlatforms) = postSolution
		{78365B8E-1E9D-42B0-AF6B-3DA30D6B6148}.Debug|Any CPU.ActiveCfg = Debug|Any CPU
		{78365B8E-1E9D-42B0-AF6B-3DA30D6B6148}.Debug|Any CPU.Build.0 = Debug|Any CPU
		{78365B8E-1E9D-42B0-AF6B-3DA30D6B6148}.Debug|x64.ActiveCfg = Debug|Any CPU
		{78365B8E-1E9D-42B0-AF6B-3DA30D6B6148}.Debug|x64.Build.0 = Debug|Any CPU
		{78365B8E-1E9D-42B0-AF6B-3DA30D6B6148}.Debug|x86.ActiveCfg = Debug|Any CPU
		{78365B8E-1E9D-42B0-AF6B-3DA30D6B6148}.Debug|x86.Build.0 = Debug|Any CPU
		{78365B8E-1E9D-42B0-AF6B-3DA30D6B6148}.Release|Any CPU.ActiveCfg = Release|Any CPU
		{78365B8E-1E9D-42B0-AF6B-3DA30D6B6148}.Release|Any CPU.Build.0 = Release|Any CPU
		{78365B8E-1E9D-42B0-AF6B-3DA30D6B6148}.Release|x64.ActiveCfg = Release|Any CPU
		{78365B8E-1E9D-42B0-AF6B-3DA30D6B6148}.Release|x64.Build.0 = Release|Any CPU
		{78365B8E-1E9D-42B0-AF6B-3DA30D6B6148}.Release|x86.ActiveCfg = Release|Any CPU
		{78365B8E-1E9D-42B0-AF6B-3DA30D6B6148}.Release|x86.Build.0 = Release|Any CPU
		{33343B9F-9E02-4AA0-B372-4FF1ECC9E1F8}.Debug|Any CPU.ActiveCfg = Debug|Any CPU
		{33343B9F-9E02-4AA0-B372-4FF1ECC9E1F8}.Debug|Any CPU.Build.0 = Debug|Any CPU
		{33343B9F-9E02-4AA0-B372-4FF1ECC9E1F8}.Debug|x64.ActiveCfg = Debug|Any CPU
		{33343B9F-9E02-4AA0-B372-4FF1ECC9E1F8}.Debug|x64.Build.0 = Debug|Any CPU
		{33343B9F-9E02-4AA0-B372-4FF1ECC9E1F8}.Debug|x86.ActiveCfg = Debug|Any CPU
		{33343B9F-9E02-4AA0-B372-4FF1ECC9E1F8}.Debug|x86.Build.0 = Debug|Any CPU
		{33343B9F-9E02-4AA0-B372-4FF1ECC9E1F8}.Release|Any CPU.ActiveCfg = Release|Any CPU
		{33343B9F-9E02-4AA0-B372-4FF1ECC9E1F8}.Release|Any CPU.Build.0 = Release|Any CPU
		{33343B9F-9E02-4AA0-B372-4FF1ECC9E1F8}.Release|x64.ActiveCfg = Release|Any CPU
		{33343B9F-9E02-4AA0-B372-4FF1ECC9E1F8}.Release|x64.Build.0 = Release|Any CPU
		{33343B9F-9E02-4AA0-B372-4FF1ECC9E1F8}.Release|x86.ActiveCfg = Release|Any CPU
		{33343B9F-9E02-4AA0-B372-4FF1ECC9E1F8}.Release|x86.Build.0 = Release|Any CPU
	EndGlobalSection
	GlobalSection(SolutionProperties) = preSolution
		HideSolutionNode = FALSE
	EndGlobalSection
EndGlobal
